dependencies:
  espressif/button:
    component_hash: ea6e01641b8dcf196ecc48be2961b1f20af397b61a752ab041a19282e41bafcb
    dependencies:
    - name: espressif/cmake_utilities
      registry_url: https://components.espressif.com
      require: private
      version: '*'
    - name: idf
      require: private
      version: '>=4.0'
    source:
      registry_url: https://components.espressif.com/
      type: service
    version: 4.1.1
  espressif/cmake_utilities:
    component_hash: 351350613ceafba240b761b4ea991e0f231ac7a9f59a9ee901f751bddc0bb18f
    dependencies:
    - name: idf
      require: private
      version: '>=4.1'
    source:
      registry_url: https://components.espressif.com
      type: service
    version: 0.5.3
  espressif/esp_lcd_ili9341:
    component_hash: c6b96c14fa22ab9b80251812f7dbd7dd1b255ccd68abb0cef97a276df711a4ec
    dependencies:
    - name: idf
      require: private
      version: '>=4.4'
    - name: espressif/cmake_utilities
      registry_url: https://components.espressif.com
      require: private
      version: 0.*
    source:
      registry_url: https://components.espressif.com/
      type: service
    version: 2.0.0
  espressif/esp_lvgl_port:
    component_hash: bb938deffba7d80b2ce582a796c053681b0439e0a7033666688e0f1f5b921125
    dependencies:
    - name: idf
      require: private
      version: '>=4.4'
    - name: lvgl/lvgl
      registry_url: https://components.espressif.com
      require: public
      version: '>=8,<10'
    source:
      registry_url: https://components.espressif.com/
      type: service
    version: 2.5.0
  idf:
    source:
      type: idf
    version: 5.3.1
  lvgl/lvgl:
    component_hash: 354c47f4867a2beba3c65edce817a357877584d4f14e7a0abeb72fb3d14980b7
    dependencies: []
    source:
      registry_url: https://components.espressif.com/
      type: service
    version: 9.2.1
direct_dependencies:
- espressif/button
- espressif/esp_lcd_ili9341
- espressif/esp_lvgl_port
- lvgl/lvgl
manifest_hash: 1f1b0034c96c19dff647a7255e11f21c4666f96893a5904ff4d766055f001d1d
target: esp32
version: 2.0.0
